{
  "name": "pium-pium-pium",
  "version": "1.6.3",
  "lockfileVersion": 3,
  "requires": true,
  "packages": {
    "": {
      "name": "pium-pium-pium",
      "version": "1.6.3",
      "dependencies": {
        "three.quarks": "0.16.0",
        "ws": "^8.18.0"
      },
      "engines": {
        "node": ">=18"
      }
    },
    "node_modules/quarks.core": {
      "version": "0.16.0",
      "resolved": "https://registry.npmjs.org/quarks.core/-/quarks.core-0.16.0.tgz",
      "integrity": "sha512-F46WeRCmv+HJaFvSOurfTbnR9Ri9SbqyiWKFVplmVmMU+2njI9YZ6oKkflZfwWAFTbHbbReL6LSXj248oNFC7w==",
      "license": "MIT"
    },
    "node_modules/three": {
      "version": "0.185.1",
      "resolved": "https://registry.npmjs.org/three/-/three-0.185.1.tgz",
      "integrity": "sha512-5aojFCXKwnjBRZvUnt3WFfEcvUJgkN5LlijRFN95hMy8WVkG4I0QNcJE+OuWvuJ0bOdStrbfXn0pkd6/QyiAlg==",
      "license": "MIT",
      "peer": true
    },
    "node_modules/three.quarks": {
      "version": "0.16.0",
      "resolved": "https://registry.npmjs.org/three.quarks/-/three.quarks-0.16.0.tgz",
      "integrity": "sha512-j9hDNjTUurbrZltd/XXAw+6SEyQl2uYmNfhRnFkUXEGcqMJoJAfJSDKzIW1GrLljUkAzYK9MIBn53RSyaW1XWQ==",
      "license": "MIT",
      "dependencies": {
        "quarks.core": "^0.16.0"
      },
      "peerDependencies": {
        "three": ">=0.165.0"
      }
    },
    "node_modules/ws": {
      "version": "8.21.1",
      "resolved": "https://registry.npmjs.org/ws/-/ws-8.21.1.tgz",
      "integrity": "sha512-+0NTnW77fFN/DjQi6k/Sq/Yvk4Sgajw7urW8V+asjXnRgDs9gyGkdb7EzgfhA4goXsRIZKE28fzIXBHEzhuiWw==",
      "license": "MIT",
      "engines": {
        "node": ">=10.0.0"
      },
      "peerDependencies": {
        "bufferutil": "^4.0.1",
        "utf-8-validate": ">=5.0.2"
      },
      "peerDependenciesMeta": {
        "bufferutil": {
          "optional": true
        },
        "utf-8-validate": {
          "optional": true
        }
      }
    }
  }
}
